
Microsoft Visual Studio Solution File, Format Version 12.00
# Visual Studio Version 17
VisualStudioVersion = 17.9.34701.34
MinimumVisualStudioVersion = 10.0.40219.1
Project("{888888A0-9F3D-457C-B088-3A5042F75D52}") = "Dakota_Upshaw_FacialRecog", "Dakota_Upshaw_FacialRecog.pyproj", "{A2B20E4F-8ED2-425A-BBF2-46FA96F0A720}"
EndProject
Global
	GlobalSection(SolutionConfigurationPlatforms) = preSolution
		Debug|Any CPU = Debug|Any CPU
		Release|Any CPU = Release|Any CPU
	EndGlobalSection
	GlobalSection(ProjectConfigurationPlatforms) = postSolution
		{A2B20E4F-8ED2-425A-BBF2-46FA96F0A720}.Debug|Any CPU.ActiveCfg = Debug|Any CPU
		{A2B20E4F-8ED2-425A-BBF2-46FA96F0A720}.Release|Any CPU.ActiveCfg = Release|Any CPU
	EndGlobalSection
	GlobalSection(SolutionProperties) = preSolution
		HideSolutionNode = FALSE
	EndGlobalSection
	GlobalSection(ExtensibilityGlobals) = postSolution
		SolutionGuid = {439C2E43-77FA-4E67-AA25-54A784DB8772}
	EndGlobalSection
EndGlobal
